
Microsoft Visual Studio Solution File, Format Version 12.00
# Visual Studio Version 16
VisualStudioVersion = 16.0.30804.86
MinimumVisualStudioVersion = 10.0.40219.1
Project("{F184B08F-C81C-45F6-A57F-5ABD9991F28F}") = "DictionaryParser", "DictionaryParser.vbproj", "{EE2DEC72-8F5E-49AF-8F2C-1402028F88B7}"
EndProject
Global
	GlobalSection(SolutionConfigurationPlatforms) = preSolution
		Debug|Any CPU = Debug|Any CPU
		Release|Any CPU = Release|Any CPU
	EndGlobalSection
	GlobalSection(ProjectConfigurationPlatforms) = postSolution
		{EE2DEC72-8F5E-49AF-8F2C-1402028F88B7}.Debug|Any CPU.ActiveCfg = Debug|Any CPU
		{EE2DEC72-8F5E-49AF-8F2C-1402028F88B7}.Debug|Any CPU.Build.0 = Debug|Any CPU
		{EE2DEC72-8F5E-49AF-8F2C-1402028F88B7}.Release|Any CPU.ActiveCfg = Release|Any CPU
		{EE2DEC72-8F5E-49AF-8F2C-1402028F88B7}.Release|Any CPU.Build.0 = Release|Any CPU
	EndGlobalSection
	GlobalSection(SolutionProperties) = preSolution
		HideSolutionNode = FALSE
	EndGlobalSection
	GlobalSection(ExtensibilityGlobals) = postSolution
		SolutionGuid = {DD33CB48-EF1D-4074-A16D-83708999979D}
	EndGlobalSection
EndGlobal
